version = 1
revision = 3
requires-python = ">=3.12"

[[package]]
name = "clean-history-data"
version = "0.1.0"
source = { virtual = "." }
dependencies = [
    { name = "mlog-util" },
    { name = "wztools" },
]

[package.dev-dependencies]
dev = [
    { name = "pytest" },
]

[package.metadata]
requires-dist = [
    { name = "mlog-util", specifier = ">=2025.12.23" },
    { name = "wztools", specifier = ">=2026.1.6" },
]

[package.metadata.requires-dev]
dev = [{ name = "pytest", specifier = ">=9.0.2" }]

[[package]]
name = "colorama"
version = "0.4.6"
source = { registry = "https://pypi.tuna.tsinghua.edu.cn/simple" }
sdist = { url = "https://pypi.tuna.tsinghua.edu.cn/packages/d8/53/6f443c9a4a8358a93a6792e2acffb9d9d5cb0a5cfd8802644b7b1c9a02e4/colorama-0.4.6.tar.gz", hash = "sha256:08695f5cb7ed6e0531a20572697297273c47b8cae5a63ffc6d6ed5c201be6e44", size = 27697, upload-time = "2022-10-25T02:36:22.414Z" }
wheels = [
    { url = "https://pypi.tuna.tsinghua.edu.cn/packages/d1/d6/3965ed04c63042e047cb6a3e6ed1a63a35087b6a609aa3a15ed8ac56c221/colorama-0.4.6-py2.py3-none-any.whl", hash = "sha256:4f1d9991f5acc0ca119f9d443620b77f9d6b33703e51011c16baf57afb285fc6", size = 25335, upload-time = "2022-10-25T02:36:20.889Z" },
]

[[package]]
name = "iniconfig"
version = "2.3.0"
source = { registry = "https://pypi.tuna.tsinghua.edu.cn/simple" }
sdist = { url = "https://pypi.tuna.tsinghua.edu.cn/packages/72/34/14ca021ce8e5dfedc35312d08ba8bf51fdd999c576889fc2c24cb97f4f10/iniconfig-2.3.0.tar.gz", hash = "sha256:c76315c77db068650d49c5b56314774a7804df16fee4402c1f19d6d15d8c4730", size = 20503, upload-time = "2025-10-18T21:55:43.219Z" }
wheels = [
    { url = "https://pypi.tuna.tsinghua.edu.cn/packages/cb/b1/3846dd7f199d53cb17f49cba7e651e9ce294d8497c8c150530ed11865bb8/iniconfig-2.3.0-py3-none-any.whl", hash = "sha256:f631c04d2c48c52b84d0d0549c99ff3859c98df65b3101406327ecc7d53fbf12", size = 7484, upload-time = "2025-10-18T21:55:41.639Z" },
]

[[package]]
name = "markdown-it-py"
version = "4.0.0"
source = { registry = "https://pypi.tuna.tsinghua.edu.cn/simple" }
dependencies = [
    { name = "mdurl" },
]
sdist = { url = "https://pypi.tuna.tsinghua.edu.cn/packages/5b/f5/4ec618ed16cc4f8fb3b701563655a69816155e79e24a17b651541804721d/markdown_it_py-4.0.0.tar.gz", hash = "sha256:cb0a2b4aa34f932c007117b194e945bd74e0ec24133ceb5bac59009cda1cb9f3", size = 73070, upload-time = "2025-08-11T12:57:52.854Z" }
wheels = [
    { url = "https://pypi.tuna.tsinghua.edu.cn/packages/94/54/e7d793b573f298e1c9013b8c4dade17d481164aa517d1d7148619c2cedbf/markdown_it_py-4.0.0-py3-none-any.whl", hash = "sha256:87327c59b172c5011896038353a81343b6754500a08cd7a4973bb48c6d578147", size = 87321, upload-time = "2025-08-11T12:57:51.923Z" },
]

[[package]]
name = "mdurl"
version = "0.1.2"
source = { registry = "https://pypi.tuna.tsinghua.edu.cn/simple" }
sdist = { url = "https://pypi.tuna.tsinghua.edu.cn/packages/d6/54/cfe61301667036ec958cb99bd3efefba235e65cdeb9c84d24a8293ba1d90/mdurl-0.1.2.tar.gz", hash = "sha256:bb413d29f5eea38f31dd4754dd7377d4465116fb207585f97bf925588687c1ba", size = 8729, upload-time = "2022-08-14T12:40:10.846Z" }
wheels = [
    { url = "https://pypi.tuna.tsinghua.edu.cn/packages/b3/38/89ba8ad64ae25be8de66a6d463314cf1eb366222074cfda9ee839c56a4b4/mdurl-0.1.2-py3-none-any.whl", hash = "sha256:84008a41e51615a49fc9966191ff91509e3c40b939176e643fd50a5c2196b8f8", size = 9979, upload-time = "2022-08-14T12:40:09.779Z" },
]

[[package]]
name = "mlog-util"
version = "2025.12.23"
source = { registry = "https://pypi.tuna.tsinghua.edu.cn/simple" }
dependencies = [
    { name = "portalocker" },
    { name = "rich" },
]
sdist = { url = "https://pypi.tuna.tsinghua.edu.cn/packages/92/8d/cc613cc4da88faf34ab2a4784ef18542a6965fe0ca2418b8cec3bad2536c/mlog_util-2025.12.23.tar.gz", hash = "sha256:2579930f38f63cdf6c34cbd5a4b302acc87aaaf787d0ba0e8919c9a429c0fb9b", size = 15890, upload-time = "2025-12-23T06:45:05.371Z" }
wheels = [
    { url = "https://pypi.tuna.tsinghua.edu.cn/packages/6c/fc/f765c653fdc47a5e882f3b8a7a60a18bac34e54f92aeda4569a3b3d37d68/mlog_util-2025.12.23-py3-none-any.whl", hash = "sha256:9480d1f75e8b441ca82db29333732c87b01ac60affbb5eb34686a303adff7826", size = 12506, upload-time = "2025-12-23T06:45:04.064Z" },
]

[[package]]
name = "packaging"
version = "26.0"
source = { registry = "https://pypi.tuna.tsinghua.edu.cn/simple" }
sdist = { url = "https://pypi.tuna.tsinghua.edu.cn/packages/65/ee/299d360cdc32edc7d2cf530f3accf79c4fca01e96ffc950d8a52213bd8e4/packaging-26.0.tar.gz", hash = "sha256:00243ae351a257117b6a241061796684b084ed1c516a08c48a3f7e147a9d80b4", size = 143416, upload-time = "2026-01-21T20:50:39.064Z" }
wheels = [
    { url = "https://pypi.tuna.tsinghua.edu.cn/packages/b7/b9/c538f279a4e237a006a2c98387d081e9eb060d203d8ed34467cc0f0b9b53/packaging-26.0-py3-none-any.whl", hash = "sha256:b36f1fef9334a5588b4166f8bcd26a14e521f2b55e6b9de3aaa80d3ff7a37529", size = 74366, upload-time = "2026-01-21T20:50:37.788Z" },
]

[[package]]
name = "pluggy"
version = "1.6.0"
source = { registry = "https://pypi.tuna.tsinghua.edu.cn/simple" }
sdist = { url = "https://pypi.tuna.tsinghua.edu.cn/packages/f9/e2/3e91f31a7d2b083fe6ef3fa267035b518369d9511ffab804f839851d2779/pluggy-1.6.0.tar.gz", hash = "sha256:7dcc130b76258d33b90f61b658791dede3486c3e6bfb003ee5c9bfb396dd22f3", size = 69412, upload-time = "2025-05-15T12:30:07.975Z" }
wheels = [
    { url = "https://pypi.tuna.tsinghua.edu.cn/packages/54/20/4d324d65cc6d9205fabedc306948156824eb9f0ee1633355a8f7ec5c66bf/pluggy-1.6.0-py3-none-any.whl", hash = "sha256:e920276dd6813095e9377c0bc5566d94c932c33b27a3e3945d8389c374dd4746", size = 20538, upload-time = "2025-05-15T12:30:06.134Z" },
]

[[package]]
name = "portalocker"
version = "3.2.0"
source = { registry = "https://pypi.tuna.tsinghua.edu.cn/simple" }
dependencies = [
    { name = "pywin32", marker = "sys_platform == 'win32'" },
]
sdist = { url = "https://pypi.tuna.tsinghua.edu.cn/packages/5e/77/65b857a69ed876e1951e88aaba60f5ce6120c33703f7cb61a3c894b8c1b6/portalocker-3.2.0.tar.gz", hash = "sha256:1f3002956a54a8c3730586c5c77bf18fae4149e07eaf1c29fc3faf4d5a3f89ac", size = 95644, upload-time = "2025-06-14T13:20:40.03Z" }
wheels = [
    { url = "https://pypi.tuna.tsinghua.edu.cn/packages/4b/a6/38c8e2f318bf67d338f4d629e93b0b4b9af331f455f0390ea8ce4a099b26/portalocker-3.2.0-py3-none-any.whl", hash = "sha256:3cdc5f565312224bc570c49337bd21428bba0ef363bbcf58b9ef4a9f11779968", size = 22424, upload-time = "2025-06-14T13:20:38.083Z" },
]

[[package]]
name = "pygments"
version = "2.19.2"
source = { registry = "https://pypi.tuna.tsinghua.edu.cn/simple" }
sdist = { url = "https://pypi.tuna.tsinghua.edu.cn/packages/b0/77/a5b8c569bf593b0140bde72ea885a803b82086995367bf2037de0159d924/pygments-2.19.2.tar.gz", hash = "sha256:636cb2477cec7f8952536970bc533bc43743542f70392ae026374600add5b887", size = 4968631, upload-time = "2025-06-21T13:39:12.283Z" }
wheels = [
    { url = "https://pypi.tuna.tsinghua.edu.cn/packages/c7/21/705964c7812476f378728bdf590ca4b771ec72385c533964653c68e86bdc/pygments-2.19.2-py3-none-any.whl", hash = "sha256:86540386c03d588bb81d44bc3928634ff26449851e99741617ecb9037ee5ec0b", size = 1225217, upload-time = "2025-06-21T13:39:07.939Z" },
]

[[package]]
name = "pytest"
version = "9.0.2"
source = { registry = "https://pypi.tuna.tsinghua.edu.cn/simple" }
dependencies = [
    { name = "colorama", marker = "sys_platform == 'win32'" },
    { name = "iniconfig" },
    { name = "packaging" },
    { name = "pluggy" },
    { name = "pygments" },
]
sdist = { url = "https://pypi.tuna.tsinghua.edu.cn/packages/d1/db/7ef3487e0fb0049ddb5ce41d3a49c235bf9ad299b6a25d5780a89f19230f/pytest-9.0.2.tar.gz", hash = "sha256:75186651a92bd89611d1d9fc20f0b4345fd827c41ccd5c299a868a05d70edf11", size = 1568901, upload-time = "2025-12-06T21:30:51.014Z" }
wheels = [
    { url = "https://pypi.tuna.tsinghua.edu.cn/packages/3b/ab/b3226f0bd7cdcf710fbede2b3548584366da3b19b5021e74f5bde2a8fa3f/pytest-9.0.2-py3-none-any.whl", hash = "sha256:711ffd45bf766d5264d487b917733b453d917afd2b0ad65223959f59089f875b", size = 374801, upload-time = "2025-12-06T21:30:49.154Z" },
]

[[package]]
name = "pywin32"
version = "311"
source = { registry = "https://pypi.tuna.tsinghua.edu.cn/simple" }
wheels = [
    { url = "https://pypi.tuna.tsinghua.edu.cn/packages/e7/ab/01ea1943d4eba0f850c3c61e78e8dd59757ff815ff3ccd0a84de5f541f42/pywin32-311-cp312-cp312-win32.whl", hash = "sha256:750ec6e621af2b948540032557b10a2d43b0cee2ae9758c54154d711cc852d31", size = 8706543, upload-time = "2025-07-14T20:13:20.765Z" },
    { url = "https://pypi.tuna.tsinghua.edu.cn/packages/d1/a8/a0e8d07d4d051ec7502cd58b291ec98dcc0c3fff027caad0470b72cfcc2f/pywin32-311-cp312-cp312-win_amd64.whl", hash = "sha256:b8c095edad5c211ff31c05223658e71bf7116daa0ecf3ad85f3201ea3190d067", size = 9495040, upload-time = "2025-07-14T20:13:22.543Z" },
    { url = "https://pypi.tuna.tsinghua.edu.cn/packages/ba/3a/2ae996277b4b50f17d61f0603efd8253cb2d79cc7ae159468007b586396d/pywin32-311-cp312-cp312-win_arm64.whl", hash = "sha256:e286f46a9a39c4a18b319c28f59b61de793654af2f395c102b4f819e584b5852", size = 8710102, upload-time = "2025-07-14T20:13:24.682Z" },
    { url = "https://pypi.tuna.tsinghua.edu.cn/packages/a5/be/3fd5de0979fcb3994bfee0d65ed8ca9506a8a1260651b86174f6a86f52b3/pywin32-311-cp313-cp313-win32.whl", hash = "sha256:f95ba5a847cba10dd8c4d8fefa9f2a6cf283b8b88ed6178fa8a6c1ab16054d0d", size = 8705700, upload-time = "2025-07-14T20:13:26.471Z" },
    { url = "https://pypi.tuna.tsinghua.edu.cn/packages/e3/28/e0a1909523c6890208295a29e05c2adb2126364e289826c0a8bc7297bd5c/pywin32-311-cp313-cp313-win_amd64.whl", hash = "sha256:718a38f7e5b058e76aee1c56ddd06908116d35147e133427e59a3983f703a20d", size = 9494700, upload-time = "2025-07-14T20:13:28.243Z" },
    { url = "https://pypi.tuna.tsinghua.edu.cn/packages/04/bf/90339ac0f55726dce7d794e6d79a18a91265bdf3aa70b6b9ca52f35e022a/pywin32-311-cp313-cp313-win_arm64.whl", hash = "sha256:7b4075d959648406202d92a2310cb990fea19b535c7f4a78d3f5e10b926eeb8a", size = 8709318, upload-time = "2025-07-14T20:13:30.348Z" },
    { url = "https://pypi.tuna.tsinghua.edu.cn/packages/c9/31/097f2e132c4f16d99a22bfb777e0fd88bd8e1c634304e102f313af69ace5/pywin32-311-cp314-cp314-win32.whl", hash = "sha256:b7a2c10b93f8986666d0c803ee19b5990885872a7de910fc460f9b0c2fbf92ee", size = 8840714, upload-time = "2025-07-14T20:13:32.449Z" },
    { url = "https://pypi.tuna.tsinghua.edu.cn/packages/90/4b/07c77d8ba0e01349358082713400435347df8426208171ce297da32c313d/pywin32-311-cp314-cp314-win_amd64.whl", hash = "sha256:3aca44c046bd2ed8c90de9cb8427f581c479e594e99b5c0bb19b29c10fd6cb87", size = 9656800, upload-time = "2025-07-14T20:13:34.312Z" },
    { url = "https://pypi.tuna.tsinghua.edu.cn/packages/c0/d2/21af5c535501a7233e734b8af901574572da66fcc254cb35d0609c9080dd/pywin32-311-cp314-cp314-win_arm64.whl", hash = "sha256:a508e2d9025764a8270f93111a970e1d0fbfc33f4153b388bb649b7eec4f9b42", size = 8932540, upload-time = "2025-07-14T20:13:36.379Z" },
]

[[package]]
name = "rich"
version = "14.3.3"
source = { registry = "https://pypi.tuna.tsinghua.edu.cn/simple" }
dependencies = [
    { name = "markdown-it-py" },
    { name = "pygments" },
]
sdist = { url = "https://pypi.tuna.tsinghua.edu.cn/packages/b3/c6/f3b320c27991c46f43ee9d856302c70dc2d0fb2dba4842ff739d5f46b393/rich-14.3.3.tar.gz", hash = "sha256:b8daa0b9e4eef54dd8cf7c86c03713f53241884e814f4e2f5fb342fe520f639b", size = 230582, upload-time = "2026-02-19T17:23:12.474Z" }
wheels = [
    { url = "https://pypi.tuna.tsinghua.edu.cn/packages/14/25/b208c5683343959b670dc001595f2f3737e051da617f66c31f7c4fa93abc/rich-14.3.3-py3-none-any.whl", hash = "sha256:793431c1f8619afa7d3b52b2cdec859562b950ea0d4b6b505397612db8d5362d", size = 310458, upload-time = "2026-02-19T17:23:13.732Z" },
]

[[package]]
name = "wztools"
version = "2026.1.6"
source = { registry = "https://pypi.tuna.tsinghua.edu.cn/simple" }
dependencies = [
    { name = "rich" },
]
sdist = { url = "https://pypi.tuna.tsinghua.edu.cn/packages/08/3a/fb1394b0ec8258eaf3a1b01f5eb495c826050d3ddf6be863ba3f329eb6db/wztools-2026.1.6.tar.gz", hash = "sha256:207d9d2a99fbd393d95d798c37d008f7ffec1b14fe6fe26a8c31a08474eff383", size = 8263, upload-time = "2026-01-05T06:37:43.482Z" }
wheels = [
    { url = "https://pypi.tuna.tsinghua.edu.cn/packages/84/4c/0a19c34a22411901106eec4742496f930bbed09ff0138756e49f6120d578/wztools-2026.1.6-py3-none-any.whl", hash = "sha256:c6ac139d40209bda0fb448d97b17aaf0f62e3a788e625fa6d53b6c7fc0fa235d", size = 9774, upload-time = "2026-01-05T06:37:42.477Z" },
]
